
Microsoft Visual Studio Solution File, Format Version 12.00
# Visual Studio Version 17
VisualStudioVersion = 17.9.34728.123
MinimumVisualStudioVersion = 10.0.40219.1
Project("{FAE04EC0-301F-11D3-BF4B-00C04F79EFBC}") = "Auctions", "Auctions\Auctions.csproj", "{122A0D9A-8B0F-4BCB-9B3C-A2FD23FA7FBA}"
EndProject
Project("{FAE04EC0-301F-11D3-BF4B-00C04F79EFBC}") = "Auctions.Domain", "Domain\Auctions.Domain.csproj", "{E835D5B1-E79E-449D-9274-97B909EA5086}"
EndProject
Project("{FAE04EC0-301F-11D3-BF4B-00C04F79EFBC}") = "Auctions.Application", "Application\Auctions.Application.csproj", "{E28DBB52-690C-42CF-8699-8F8078C42626}"
EndProject
Project("{FAE04EC0-301F-11D3-BF4B-00C04F79EFBC}") = "Auctions.Infrastructure", "Auctions.Infrastructure\Auctions.Infrastructure.csproj", "{8534A7E8-4157-490F-BDEE-73F59E74E42B}"
EndProject
Project("{FAE04EC0-301F-11D3-BF4B-00C04F79EFBC}") = "Auctions.Database", "Auctions.Database\Auctions.Database.csproj", "{3365A754-5676-4B8E-B2FB-CB1420FB385E}"
EndProject
Global
	GlobalSection(SolutionConfigurationPlatforms) = preSolution
		Debug|Any CPU = Debug|Any CPU
		Release|Any CPU = Release|Any CPU
	EndGlobalSection
	GlobalSection(ProjectConfigurationPlatforms) = postSolution
		{122A0D9A-8B0F-4BCB-9B3C-A2FD23FA7FBA}.Debug|Any CPU.ActiveCfg = Debug|Any CPU
		{122A0D9A-8B0F-4BCB-9B3C-A2FD23FA7FBA}.Debug|Any CPU.Build.0 = Debug|Any CPU
		{122A0D9A-8B0F-4BCB-9B3C-A2FD23FA7FBA}.Release|Any CPU.ActiveCfg = Release|Any CPU
		{122A0D9A-8B0F-4BCB-9B3C-A2FD23FA7FBA}.Release|Any CPU.Build.0 = Release|Any CPU
		{E835D5B1-E79E-449D-9274-97B909EA5086}.Debug|Any CPU.ActiveCfg = Debug|Any CPU
		{E835D5B1-E79E-449D-9274-97B909EA5086}.Debug|Any CPU.Build.0 = Debug|Any CPU
		{E835D5B1-E79E-449D-9274-97B909EA5086}.Release|Any CPU.ActiveCfg = Release|Any CPU
		{E835D5B1-E79E-449D-9274-97B909EA5086}.Release|Any CPU.Build.0 = Release|Any CPU
		{E28DBB52-690C-42CF-8699-8F8078C42626}.Debug|Any CPU.ActiveCfg = Debug|Any CPU
		{E28DBB52-690C-42CF-8699-8F8078C42626}.Debug|Any CPU.Build.0 = Debug|Any CPU
		{E28DBB52-690C-42CF-8699-8F8078C42626}.Release|Any CPU.ActiveCfg = Release|Any CPU
		{E28DBB52-690C-42CF-8699-8F8078C42626}.Release|Any CPU.Build.0 = Release|Any CPU
		{8534A7E8-4157-490F-BDEE-73F59E74E42B}.Debug|Any CPU.ActiveCfg = Debug|Any CPU
		{8534A7E8-4157-490F-BDEE-73F59E74E42B}.Debug|Any CPU.Build.0 = Debug|Any CPU
		{8534A7E8-4157-490F-BDEE-73F59E74E42B}.Release|Any CPU.ActiveCfg = Release|Any CPU
		{8534A7E8-4157-490F-BDEE-73F59E74E42B}.Release|Any CPU.Build.0 = Release|Any CPU
		{3365A754-5676-4B8E-B2FB-CB1420FB385E}.Debug|Any CPU.ActiveCfg = Debug|Any CPU
		{3365A754-5676-4B8E-B2FB-CB1420FB385E}.Debug|Any CPU.Build.0 = Debug|Any CPU
		{3365A754-5676-4B8E-B2FB-CB1420FB385E}.Release|Any CPU.ActiveCfg = Release|Any CPU
		{3365A754-5676-4B8E-B2FB-CB1420FB385E}.Release|Any CPU.Build.0 = Release|Any CPU
	EndGlobalSection
	GlobalSection(SolutionProperties) = preSolution
		HideSolutionNode = FALSE
	EndGlobalSection
	GlobalSection(ExtensibilityGlobals) = postSolution
		SolutionGuid = {84418E74-8C5A-4268-90F8-570049E2213E}
	EndGlobalSection
EndGlobal
